
Microsoft Visual Studio Solution File, Format Version 12.00
# Visual Studio Version 17
VisualStudioVersion = 17.13.35818.85
MinimumVisualStudioVersion = 10.0.40219.1
Project("{FAE04EC0-301F-11D3-BF4B-00C04F79EFBC}") = "Northwind.EntityModels.SqlServer", "Northwind.EntityModels.SqlServer\Northwind.EntityModels.SqlServer.csproj", "{A7313EAB-4C24-46B0-A002-32566BEF5365}"
EndProject
Project("{FAE04EC0-301F-11D3-BF4B-00C04F79EFBC}") = "Northwind.DataContext.SqlServer", "Northwind.DataContext.SqlServer\Northwind.DataContext.SqlServer.csproj", "{73152B59-6F3F-4443-8E8B-A1634D4AD7B8}"
EndProject
Project("{FAE04EC0-301F-11D3-BF4B-00C04F79EFBC}") = "Northwind.UnitTests", "Northwind.UnitTests\Northwind.UnitTests.csproj", "{32ED7C35-7FEC-433D-8282-DC870A17C525}"
EndProject
Project("{FAE04EC0-301F-11D3-BF4B-00C04F79EFBC}") = "Northwind.web", "Northwind.web\Northwind.web.csproj", "{E19E43F3-6544-40BA-8433-B449338764E2}"
EndProject
Project("{FAE04EC0-301F-11D3-BF4B-00C04F79EFBC}") = "Northwind.Razor.Employees", "Northwind.Razor.Employees\Northwind.Razor.Employees.csproj", "{923CDDC9-9E3F-49EB-B149-4CD34BE48F84}"
EndProject
Project("{FAE04EC0-301F-11D3-BF4B-00C04F79EFBC}") = "Northwind.Mvc", "Northwind.Mvc\Northwind.Mvc.csproj", "{F17D9C49-E611-4967-A97D-FC0C11177F5D}"
EndProject
Project("{FAE04EC0-301F-11D3-BF4B-00C04F79EFBC}") = "CustomI.Sample.CustomUserManagement", "CustomI.Sample.CustomUserManagement\CustomI.Sample.CustomUserManagement.csproj", "{813C2F1B-4424-43D2-8E46-2F3B0421F5BF}"
EndProject
Project("{FAE04EC0-301F-11D3-BF4B-00C04F79EFBC}") = "Northwind.Blazor", "Northwind.Blazor\Northwind.Blazor.csproj", "{7A9BBBB6-B781-4A14-A110-755D4ACDF3F9}"
EndProject
Global
	GlobalSection(SolutionConfigurationPlatforms) = preSolution
		Debug|Any CPU = Debug|Any CPU
		Release|Any CPU = Release|Any CPU
	EndGlobalSection
	GlobalSection(ProjectConfigurationPlatforms) = postSolution
		{A7313EAB-4C24-46B0-A002-32566BEF5365}.Debug|Any CPU.ActiveCfg = Debug|Any CPU
		{A7313EAB-4C24-46B0-A002-32566BEF5365}.Debug|Any CPU.Build.0 = Debug|Any CPU
		{A7313EAB-4C24-46B0-A002-32566BEF5365}.Release|Any CPU.ActiveCfg = Release|Any CPU
		{A7313EAB-4C24-46B0-A002-32566BEF5365}.Release|Any CPU.Build.0 = Release|Any CPU
		{73152B59-6F3F-4443-8E8B-A1634D4AD7B8}.Debug|Any CPU.ActiveCfg = Debug|Any CPU
		{73152B59-6F3F-4443-8E8B-A1634D4AD7B8}.Debug|Any CPU.Build.0 = Debug|Any CPU
		{73152B59-6F3F-4443-8E8B-A1634D4AD7B8}.Release|Any CPU.ActiveCfg = Release|Any CPU
		{73152B59-6F3F-4443-8E8B-A1634D4AD7B8}.Release|Any CPU.Build.0 = Release|Any CPU
		{32ED7C35-7FEC-433D-8282-DC870A17C525}.Debug|Any CPU.ActiveCfg = Debug|Any CPU
		{32ED7C35-7FEC-433D-8282-DC870A17C525}.Debug|Any CPU.Build.0 = Debug|Any CPU
		{32ED7C35-7FEC-433D-8282-DC870A17C525}.Release|Any CPU.ActiveCfg = Release|Any CPU
		{32ED7C35-7FEC-433D-8282-DC870A17C525}.Release|Any CPU.Build.0 = Release|Any CPU
		{E19E43F3-6544-40BA-8433-B449338764E2}.Debug|Any CPU.ActiveCfg = Debug|Any CPU
		{E19E43F3-6544-40BA-8433-B449338764E2}.Debug|Any CPU.Build.0 = Debug|Any CPU
		{E19E43F3-6544-40BA-8433-B449338764E2}.Release|Any CPU.ActiveCfg = Release|Any CPU
		{E19E43F3-6544-40BA-8433-B449338764E2}.Release|Any CPU.Build.0 = Release|Any CPU
		{923CDDC9-9E3F-49EB-B149-4CD34BE48F84}.Debug|Any CPU.ActiveCfg = Debug|Any CPU
		{923CDDC9-9E3F-49EB-B149-4CD34BE48F84}.Debug|Any CPU.Build.0 = Debug|Any CPU
		{923CDDC9-9E3F-49EB-B149-4CD34BE48F84}.Release|Any CPU.ActiveCfg = Release|Any CPU
		{923CDDC9-9E3F-49EB-B149-4CD34BE48F84}.Release|Any CPU.Build.0 = Release|Any CPU
		{F17D9C49-E611-4967-A97D-FC0C11177F5D}.Debug|Any CPU.ActiveCfg = Debug|Any CPU
		{F17D9C49-E611-4967-A97D-FC0C11177F5D}.Debug|Any CPU.Build.0 = Debug|Any CPU
		{F17D9C49-E611-4967-A97D-FC0C11177F5D}.Release|Any CPU.ActiveCfg = Release|Any CPU
		{F17D9C49-E611-4967-A97D-FC0C11177F5D}.Release|Any CPU.Build.0 = Release|Any CPU
		{813C2F1B-4424-43D2-8E46-2F3B0421F5BF}.Debug|Any CPU.ActiveCfg = Debug|Any CPU
		{813C2F1B-4424-43D2-8E46-2F3B0421F5BF}.Debug|Any CPU.Build.0 = Debug|Any CPU
		{813C2F1B-4424-43D2-8E46-2F3B0421F5BF}.Release|Any CPU.ActiveCfg = Release|Any CPU
		{813C2F1B-4424-43D2-8E46-2F3B0421F5BF}.Release|Any CPU.Build.0 = Release|Any CPU
		{7A9BBBB6-B781-4A14-A110-755D4ACDF3F9}.Debug|Any CPU.ActiveCfg = Debug|Any CPU
		{7A9BBBB6-B781-4A14-A110-755D4ACDF3F9}.Debug|Any CPU.Build.0 = Debug|Any CPU
		{7A9BBBB6-B781-4A14-A110-755D4ACDF3F9}.Release|Any CPU.ActiveCfg = Release|Any CPU
		{7A9BBBB6-B781-4A14-A110-755D4ACDF3F9}.Release|Any CPU.Build.0 = Release|Any CPU
	EndGlobalSection
	GlobalSection(SolutionProperties) = preSolution
		HideSolutionNode = FALSE
	EndGlobalSection
	GlobalSection(ExtensibilityGlobals) = postSolution
		SolutionGuid = {010E7CBD-28CF-4A13-9093-136900135797}
	EndGlobalSection
EndGlobal
